# This file is generated by running "yarn install" inside your project.
# Manual changes might be lost - proceed with caution!

__metadata:
  version: 8
  cacheKey: 10c0

"test@workspace:.":
  version: 0.0.0-use.local
  resolution: "test@workspace:."
  dependencies:
    uWebsockets.js: "uNetworking/uWebSockets.js#v20.30.0"
  languageName: unknown
  linkType: soft

"uWebsockets.js@uNetworking/uWebSockets.js#v20.30.0":
  version: 20.30.0
  resolution: "uWebsockets.js@https://github.com/uNetworking/uWebSockets.js.git#commit=d39d4181daf5b670d44cbc1b18f8c28c85fd4142"
  checksum: af2fbe385bd60605e36c79f262665643a2ad625ca5161ac44f829e8ed107fa1f530628b6cfc3139a16509551e8c6abe5eff3cb8bcd8c6bad72d8c1ee85603886
  languageName: node
  linkType: hard
