# This file is generated by running "yarn install" inside your project.
# Manual changes might be lost - proceed with caution!

__metadata:
  version: 8
  cacheKey: 10c0

"@httpx/exception@npm:1.8.1":
  version: 1.8.1
  resolution: "@httpx/exception@npm:1.8.1"
  checksum: c62150159220a911cb3a58c06b6a9a2ec69cf10f356f1730cf371dc06cce4ea3559b966aa530081d46016c76b091aa1caefc061e23b4006f1c0c3d617101342a
  languageName: node
  linkType: hard

"yarn-reproductions@workspace:.":
  version: 0.0.0-use.local
  resolution: "yarn-reproductions@workspace:."
  dependencies:
    "@httpx/exception": "npm:1.8.1"
  languageName: unknown
  linkType: soft
