# This file is generated by running "yarn install" inside your project.
# Manual changes might be lost - proceed with caution!

__metadata:
  version: 8
  cacheKey: 10

"@httpx/exception@npm:1.8.1":
  version: 1.8.1
  resolution: "@httpx/exception@npm:1.8.1"
  checksum: 20d564e4e67f254f40d90d446985d24d8d2483723a389f8d0fec744e6e0001d299b15cfd64ba98b85a51698c36713532834d84897af2dbc484d20540bbfec5c7
  languageName: node
  linkType: hard

"test@workspace:.":
  version: 0.0.0-use.local
  resolution: "test@workspace:."
  dependencies:
    "@httpx/exception": "npm:1.8.1"
  languageName: unknown
  linkType: soft
